
Microsoft Visual Studio Solution File, Format Version 12.00
# Visual Studio Version 17
VisualStudioVersion = 17.0.31919.166
MinimumVisualStudioVersion = 10.0.40219.1
Project("{FAE04EC0-301F-11D3-BF4B-00C04F79EFBC}") = "hatSimulator", "hatSimulator\hatSimulator.csproj", "{4CD935E5-9002-4A6A-816C-A21E4C28F908}"
EndProject
Global
	GlobalSection(SolutionConfigurationPlatforms) = preSolution
		Debug|Any CPU = Debug|Any CPU
		Release|Any CPU = Release|Any CPU
	EndGlobalSection
	GlobalSection(ProjectConfigurationPlatforms) = postSolution
		{4CD935E5-9002-4A6A-816C-A21E4C28F908}.Debug|Any CPU.ActiveCfg = Debug|Any CPU
		{4CD935E5-9002-4A6A-816C-A21E4C28F908}.Debug|Any CPU.Build.0 = Debug|Any CPU
		{4CD935E5-9002-4A6A-816C-A21E4C28F908}.Release|Any CPU.ActiveCfg = Release|Any CPU
		{4CD935E5-9002-4A6A-816C-A21E4C28F908}.Release|Any CPU.Build.0 = Release|Any CPU
	EndGlobalSection
	GlobalSection(SolutionProperties) = preSolution
		HideSolutionNode = FALSE
	EndGlobalSection
	GlobalSection(ExtensibilityGlobals) = postSolution
		SolutionGuid = {94C44A3C-9746-48FA-9E5B-ADAA8667C1CF}
	EndGlobalSection
EndGlobal
